
Microsoft Visual Studio Solution File, Format Version 12.00
# Visual Studio 14
VisualStudioVersion = 14.0.25420.1
MinimumVisualStudioVersion = 10.0.40219.1
Project("{FAE04EC0-301F-11D3-BF4B-00C04F79EFBC}") = "StudentServices", "StudentServices\StudentServices.csproj", "{FF665B6D-E9AB-41D6-BECC-5F15025856F1}"
EndProject
Project("{FAE04EC0-301F-11D3-BF4B-00C04F79EFBC}") = "StudentDataAccess", "StudentDataAccess\StudentDataAccess.csproj", "{D876108C-BFB5-4FDF-819C-7059F8FA8E84}"
EndProject
Global
	GlobalSection(SolutionConfigurationPlatforms) = preSolution
		Debug|Any CPU = Debug|Any CPU
		Release|Any CPU = Release|Any CPU
	EndGlobalSection
	GlobalSection(ProjectConfigurationPlatforms) = postSolution
		{FF665B6D-E9AB-41D6-BECC-5F15025856F1}.Debug|Any CPU.ActiveCfg = Debug|Any CPU
		{FF665B6D-E9AB-41D6-BECC-5F15025856F1}.Debug|Any CPU.Build.0 = Debug|Any CPU
		{FF665B6D-E9AB-41D6-BECC-5F15025856F1}.Release|Any CPU.ActiveCfg = Release|Any CPU
		{FF665B6D-E9AB-41D6-BECC-5F15025856F1}.Release|Any CPU.Build.0 = Release|Any CPU
		{D876108C-BFB5-4FDF-819C-7059F8FA8E84}.Debug|Any CPU.ActiveCfg = Debug|Any CPU
		{D876108C-BFB5-4FDF-819C-7059F8FA8E84}.Debug|Any CPU.Build.0 = Debug|Any CPU
		{D876108C-BFB5-4FDF-819C-7059F8FA8E84}.Release|Any CPU.ActiveCfg = Release|Any CPU
		{D876108C-BFB5-4FDF-819C-7059F8FA8E84}.Release|Any CPU.Build.0 = Release|Any CPU
	EndGlobalSection
	GlobalSection(SolutionProperties) = preSolution
		HideSolutionNode = FALSE
	EndGlobalSection
EndGlobal
